
Microsoft Visual Studio Solution File, Format Version 12.00
# Visual Studio 2013
VisualStudioVersion = 12.0.21005.1
MinimumVisualStudioVersion = 10.0.40219.1
Project("{FAE04EC0-301F-11D3-BF4B-00C04F79EFBC}") = "NativeRendererListView", "NativeRendererListView\NativeRendererListView\NativeRendererListView.csproj", "{5E965BF1-35EA-4339-9323-4BB1AAF003AE}"
EndProject
Project("{FAE04EC0-301F-11D3-BF4B-00C04F79EFBC}") = "NativeRendererListView.iOS", "NativeRendererListView\NativeRendererListView.iOS\NativeRendererListView.iOS.csproj", "{6FEDDDD6-B719-4C32-8316-1766D5FF669E}"
EndProject
Project("{FAE04EC0-301F-11D3-BF4B-00C04F79EFBC}") = "NativeRendererListView.Droid", "NativeRendererListView\NativeRendererListView.Droid\NativeRendererListView.Droid.csproj", "{AE4E8B1C-8D1F-427C-A527-AF0005772F59}"
EndProject
Project("{FAE04EC0-301F-11D3-BF4B-00C04F79EFBC}") = "NativeRendererListView.WinPhone", "NativeRendererListView\NativeRendererListView.WinPhone\NativeRendererListView.WinPhone.csproj", "{7077705C-B76F-436E-90D9-AE6BBB4C3FF5}"
EndProject
Global
	GlobalSection(SolutionConfigurationPlatforms) = preSolution
		Ad-Hoc|Any CPU = Ad-Hoc|Any CPU
		Ad-Hoc|ARM = Ad-Hoc|ARM
		Ad-Hoc|iPhone = Ad-Hoc|iPhone
		Ad-Hoc|iPhoneSimulator = Ad-Hoc|iPhoneSimulator
		Ad-Hoc|Mixed Platforms = Ad-Hoc|Mixed Platforms
		Ad-Hoc|x86 = Ad-Hoc|x86
		AppStore|Any CPU = AppStore|Any CPU
		AppStore|ARM = AppStore|ARM
		AppStore|iPhone = AppStore|iPhone
		AppStore|iPhoneSimulator = AppStore|iPhoneSimulator
		AppStore|Mixed Platforms = AppStore|Mixed Platforms
		AppStore|x86 = AppStore|x86
		Debug|Any CPU = Debug|Any CPU
		Debug|ARM = Debug|ARM
		Debug|iPhone = Debug|iPhone
		Debug|iPhoneSimulator = Debug|iPhoneSimulator
		Debug|Mixed Platforms = Debug|Mixed Platforms
		Debug|x86 = Debug|x86
		Release|Any CPU = Release|Any CPU
		Release|ARM = Release|ARM
		Release|iPhone = Release|iPhone
		Release|iPhoneSimulator = Release|iPhoneSimulator
		Release|Mixed Platforms = Release|Mixed Platforms
		Release|x86 = Release|x86
	EndGlobalSection
	GlobalSection(ProjectConfigurationPlatforms) = postSolution
		{5E965BF1-35EA-4339-9323-4BB1AAF003AE}.Ad-Hoc|Any CPU.ActiveCfg = Release|Any CPU
		{5E965BF1-35EA-4339-9323-4BB1AAF003AE}.Ad-Hoc|Any CPU.Build.0 = Release|Any CPU
		{5E965BF1-35EA-4339-9323-4BB1AAF003AE}.Ad-Hoc|ARM.ActiveCfg = Release|Any CPU
		{5E965BF1-35EA-4339-9323-4BB1AAF003AE}.Ad-Hoc|iPhone.ActiveCfg = Release|Any CPU
		{5E965BF1-35EA-4339-9323-4BB1AAF003AE}.Ad-Hoc|iPhoneSimulator.ActiveCfg = Release|Any CPU
		{5E965BF1-35EA-4339-9323-4BB1AAF003AE}.Ad-Hoc|Mixed Platforms.ActiveCfg = Release|Any CPU
		{5E965BF1-35EA-4339-9323-4BB1AAF003AE}.Ad-Hoc|Mixed Platforms.Build.0 = Release|Any CPU
		{5E965BF1-35EA-4339-9323-4BB1AAF003AE}.Ad-Hoc|x86.ActiveCfg = Release|Any CPU
		{5E965BF1-35EA-4339-9323-4BB1AAF003AE}.AppStore|Any CPU.ActiveCfg = Release|Any CPU
		{5E965BF1-35EA-4339-9323-4BB1AAF003AE}.AppStore|Any CPU.Build.0 = Release|Any CPU
		{5E965BF1-35EA-4339-9323-4BB1AAF003AE}.AppStore|ARM.ActiveCfg = Release|Any CPU
		{5E965BF1-35EA-4339-9323-4BB1AAF003AE}.AppStore|iPhone.ActiveCfg = Release|Any CPU
		{5E965BF1-35EA-4339-9323-4BB1AAF003AE}.AppStore|iPhoneSimulator.ActiveCfg = Release|Any CPU
		{5E965BF1-35EA-4339-9323-4BB1AAF003AE}.AppStore|Mixed Platforms.ActiveCfg = Release|Any CPU
		{5E965BF1-35EA-4339-9323-4BB1AAF003AE}.AppStore|Mixed Platforms.Build.0 = Release|Any CPU
		{5E965BF1-35EA-4339-9323-4BB1AAF003AE}.AppStore|x86.ActiveCfg = Release|Any CPU
		{5E965BF1-35EA-4339-9323-4BB1AAF003AE}.Debug|Any CPU.ActiveCfg = Debug|Any CPU
		{5E965BF1-35EA-4339-9323-4BB1AAF003AE}.Debug|Any CPU.Build.0 = Debug|Any CPU
		{5E965BF1-35EA-4339-9323-4BB1AAF003AE}.Debug|ARM.ActiveCfg = Debug|Any CPU
		{5E965BF1-35EA-4339-9323-4BB1AAF003AE}.Debug|iPhone.ActiveCfg = Debug|Any CPU
		{5E965BF1-35EA-4339-9323-4BB1AAF003AE}.Debug|iPhoneSimulator.ActiveCfg = Debug|Any CPU
		{5E965BF1-35EA-4339-9323-4BB1AAF003AE}.Debug|Mixed Platforms.ActiveCfg = Debug|Any CPU
		{5E965BF1-35EA-4339-9323-4BB1AAF003AE}.Debug|Mixed Platforms.Build.0 = Debug|Any CPU
		{5E965BF1-35EA-4339-9323-4BB1AAF003AE}.Debug|x86.ActiveCfg = Debug|Any CPU
		{5E965BF1-35EA-4339-9323-4BB1AAF003AE}.Release|Any CPU.ActiveCfg = Release|Any CPU
		{5E965BF1-35EA-4339-9323-4BB1AAF003AE}.Release|Any CPU.Build.0 = Release|Any CPU
		{5E965BF1-35EA-4339-9323-4BB1AAF003AE}.Release|ARM.ActiveCfg = Release|Any CPU
		{5E965BF1-35EA-4339-9323-4BB1AAF003AE}.Release|iPhone.ActiveCfg = Release|Any CPU
		{5E965BF1-35EA-4339-9323-4BB1AAF003AE}.Release|iPhoneSimulator.ActiveCfg = Release|Any CPU
		{5E965BF1-35EA-4339-9323-4BB1AAF003AE}.Release|Mixed Platforms.ActiveCfg = Release|Any CPU
		{5E965BF1-35EA-4339-9323-4BB1AAF003AE}.Release|Mixed Platforms.Build.0 = Release|Any CPU
		{5E965BF1-35EA-4339-9323-4BB1AAF003AE}.Release|x86.ActiveCfg = Release|Any CPU
		{6FEDDDD6-B719-4C32-8316-1766D5FF669E}.Ad-Hoc|Any CPU.ActiveCfg = Ad-Hoc|iPhone
		{6FEDDDD6-B719-4C32-8316-1766D5FF669E}.Ad-Hoc|ARM.ActiveCfg = Ad-Hoc|iPhone
		{6FEDDDD6-B719-4C32-8316-1766D5FF669E}.Ad-Hoc|iPhone.ActiveCfg = Ad-Hoc|iPhone
		{6FEDDDD6-B719-4C32-8316-1766D5FF669E}.Ad-Hoc|iPhone.Build.0 = Ad-Hoc|iPhone
		{6FEDDDD6-B719-4C32-8316-1766D5FF669E}.Ad-Hoc|iPhoneSimulator.ActiveCfg = Ad-Hoc|iPhoneSimulator
		{6FEDDDD6-B719-4C32-8316-1766D5FF669E}.Ad-Hoc|iPhoneSimulator.Build.0 = Ad-Hoc|iPhoneSimulator
		{6FEDDDD6-B719-4C32-8316-1766D5FF669E}.Ad-Hoc|Mixed Platforms.ActiveCfg = Ad-Hoc|iPhone
		{6FEDDDD6-B719-4C32-8316-1766D5FF669E}.Ad-Hoc|Mixed Platforms.Build.0 = Ad-Hoc|iPhone
		{6FEDDDD6-B719-4C32-8316-1766D5FF669E}.Ad-Hoc|x86.ActiveCfg = Ad-Hoc|iPhone
		{6FEDDDD6-B719-4C32-8316-1766D5FF669E}.AppStore|Any CPU.ActiveCfg = AppStore|iPhone
		{6FEDDDD6-B719-4C32-8316-1766D5FF669E}.AppStore|ARM.ActiveCfg = AppStore|iPhone
		{6FEDDDD6-B719-4C32-8316-1766D5FF669E}.AppStore|iPhone.ActiveCfg = AppStore|iPhone
		{6FEDDDD6-B719-4C32-8316-1766D5FF669E}.AppStore|iPhone.Build.0 = AppStore|iPhone
		{6FEDDDD6-B719-4C32-8316-1766D5FF669E}.AppStore|iPhoneSimulator.ActiveCfg = AppStore|iPhoneSimulator
		{6FEDDDD6-B719-4C32-8316-1766D5FF669E}.AppStore|iPhoneSimulator.Build.0 = AppStore|iPhoneSimulator
		{6FEDDDD6-B719-4C32-8316-1766D5FF669E}.AppStore|Mixed Platforms.ActiveCfg = AppStore|iPhone
		{6FEDDDD6-B719-4C32-8316-1766D5FF669E}.AppStore|Mixed Platforms.Build.0 = AppStore|iPhone
		{6FEDDDD6-B719-4C32-8316-1766D5FF669E}.AppStore|x86.ActiveCfg = AppStore|iPhone
		{6FEDDDD6-B719-4C32-8316-1766D5FF669E}.Debug|Any CPU.ActiveCfg = Debug|iPhone
		{6FEDDDD6-B719-4C32-8316-1766D5FF669E}.Debug|ARM.ActiveCfg = Debug|iPhone
		{6FEDDDD6-B719-4C32-8316-1766D5FF669E}.Debug|iPhone.ActiveCfg = Debug|iPhone
		{6FEDDDD6-B719-4C32-8316-1766D5FF669E}.Debug|iPhone.Build.0 = Debug|iPhone
		{6FEDDDD6-B719-4C32-8316-1766D5FF669E}.Debug|iPhoneSimulator.ActiveCfg = Debug|iPhoneSimulator
		{6FEDDDD6-B719-4C32-8316-1766D5FF669E}.Debug|iPhoneSimulator.Build.0 = Debug|iPhoneSimulator
		{6FEDDDD6-B719-4C32-8316-1766D5FF669E}.Debug|Mixed Platforms.ActiveCfg = Debug|iPhone
		{6FEDDDD6-B719-4C32-8316-1766D5FF669E}.Debug|Mixed Platforms.Build.0 = Debug|iPhone
		{6FEDDDD6-B719-4C32-8316-1766D5FF669E}.Debug|x86.ActiveCfg = Debug|iPhone
		{6FEDDDD6-B719-4C32-8316-1766D5FF669E}.Release|Any CPU.ActiveCfg = Release|iPhone
		{6FEDDDD6-B719-4C32-8316-1766D5FF669E}.Release|ARM.ActiveCfg = Release|iPhone
		{6FEDDDD6-B719-4C32-8316-1766D5FF669E}.Release|iPhone.ActiveCfg = Release|iPhone
		{6FEDDDD6-B719-4C32-8316-1766D5FF669E}.Release|iPhone.Build.0 = Release|iPhone
		{6FEDDDD6-B719-4C32-8316-1766D5FF669E}.Release|iPhoneSimulator.ActiveCfg = Release|iPhoneSimulator
		{6FEDDDD6-B719-4C32-8316-1766D5FF669E}.Release|iPhoneSimulator.Build.0 = Release|iPhoneSimulator
		{6FEDDDD6-B719-4C32-8316-1766D5FF669E}.Release|Mixed Platforms.ActiveCfg = Release|iPhone
		{6FEDDDD6-B719-4C32-8316-1766D5FF669E}.Release|Mixed Platforms.Build.0 = Release|iPhone
		{6FEDDDD6-B719-4C32-8316-1766D5FF669E}.Release|x86.ActiveCfg = Release|iPhone
		{AE4E8B1C-8D1F-427C-A527-AF0005772F59}.Ad-Hoc|Any CPU.ActiveCfg = Release|Any CPU
		{AE4E8B1C-8D1F-427C-A527-AF0005772F59}.Ad-Hoc|Any CPU.Build.0 = Release|Any CPU
		{AE4E8B1C-8D1F-427C-A527-AF0005772F59}.Ad-Hoc|Any CPU.Deploy.0 = Release|Any CPU
		{AE4E8B1C-8D1F-427C-A527-AF0005772F59}.Ad-Hoc|ARM.ActiveCfg = Release|Any CPU
		{AE4E8B1C-8D1F-427C-A527-AF0005772F59}.Ad-Hoc|iPhone.ActiveCfg = Release|Any CPU
		{AE4E8B1C-8D1F-427C-A527-AF0005772F59}.Ad-Hoc|iPhoneSimulator.ActiveCfg = Release|Any CPU
		{AE4E8B1C-8D1F-427C-A527-AF0005772F59}.Ad-Hoc|Mixed Platforms.ActiveCfg = Release|Any CPU
		{AE4E8B1C-8D1F-427C-A527-AF0005772F59}.Ad-Hoc|Mixed Platforms.Build.0 = Release|Any CPU
		{AE4E8B1C-8D1F-427C-A527-AF0005772F59}.Ad-Hoc|Mixed Platforms.Deploy.0 = Release|Any CPU
		{AE4E8B1C-8D1F-427C-A527-AF0005772F59}.Ad-Hoc|x86.ActiveCfg = Release|Any CPU
		{AE4E8B1C-8D1F-427C-A527-AF0005772F59}.AppStore|Any CPU.ActiveCfg = Release|Any CPU
		{AE4E8B1C-8D1F-427C-A527-AF0005772F59}.AppStore|Any CPU.Build.0 = Release|Any CPU
		{AE4E8B1C-8D1F-427C-A527-AF0005772F59}.AppStore|Any CPU.Deploy.0 = Release|Any CPU
		{AE4E8B1C-8D1F-427C-A527-AF0005772F59}.AppStore|ARM.ActiveCfg = Release|Any CPU
		{AE4E8B1C-8D1F-427C-A527-AF0005772F59}.AppStore|iPhone.ActiveCfg = Release|Any CPU
		{AE4E8B1C-8D1F-427C-A527-AF0005772F59}.AppStore|iPhoneSimulator.ActiveCfg = Release|Any CPU
		{AE4E8B1C-8D1F-427C-A527-AF0005772F59}.AppStore|Mixed Platforms.ActiveCfg = Release|Any CPU
		{AE4E8B1C-8D1F-427C-A527-AF0005772F59}.AppStore|Mixed Platforms.Build.0 = Release|Any CPU
		{AE4E8B1C-8D1F-427C-A527-AF0005772F59}.AppStore|Mixed Platforms.Deploy.0 = Release|Any CPU
		{AE4E8B1C-8D1F-427C-A527-AF0005772F59}.AppStore|x86.ActiveCfg = Release|Any CPU
		{AE4E8B1C-8D1F-427C-A527-AF0005772F59}.Debug|Any CPU.ActiveCfg = Debug|Any CPU
		{AE4E8B1C-8D1F-427C-A527-AF0005772F59}.Debug|Any CPU.Build.0 = Debug|Any CPU
		{AE4E8B1C-8D1F-427C-A527-AF0005772F59}.Debug|Any CPU.Deploy.0 = Debug|Any CPU
		{AE4E8B1C-8D1F-427C-A527-AF0005772F59}.Debug|ARM.ActiveCfg = Debug|Any CPU
		{AE4E8B1C-8D1F-427C-A527-AF0005772F59}.Debug|iPhone.ActiveCfg = Debug|Any CPU
		{AE4E8B1C-8D1F-427C-A527-AF0005772F59}.Debug|iPhoneSimulator.ActiveCfg = Debug|Any CPU
		{AE4E8B1C-8D1F-427C-A527-AF0005772F59}.Debug|Mixed Platforms.ActiveCfg = Debug|Any CPU
		{AE4E8B1C-8D1F-427C-A527-AF0005772F59}.Debug|Mixed Platforms.Build.0 = Debug|Any CPU
		{AE4E8B1C-8D1F-427C-A527-AF0005772F59}.Debug|Mixed Platforms.Deploy.0 = Debug|Any CPU
		{AE4E8B1C-8D1F-427C-A527-AF0005772F59}.Debug|x86.ActiveCfg = Debug|Any CPU
		{AE4E8B1C-8D1F-427C-A527-AF0005772F59}.Release|Any CPU.ActiveCfg = Release|Any CPU
		{AE4E8B1C-8D1F-427C-A527-AF0005772F59}.Release|Any CPU.Build.0 = Release|Any CPU
		{AE4E8B1C-8D1F-427C-A527-AF0005772F59}.Release|Any CPU.Deploy.0 = Release|Any CPU
		{AE4E8B1C-8D1F-427C-A527-AF0005772F59}.Release|ARM.ActiveCfg = Release|Any CPU
		{AE4E8B1C-8D1F-427C-A527-AF0005772F59}.Release|iPhone.ActiveCfg = Release|Any CPU
		{AE4E8B1C-8D1F-427C-A527-AF0005772F59}.Release|iPhoneSimulator.ActiveCfg = Release|Any CPU
		{AE4E8B1C-8D1F-427C-A527-AF0005772F59}.Release|Mixed Platforms.ActiveCfg = Release|Any CPU
		{AE4E8B1C-8D1F-427C-A527-AF0005772F59}.Release|Mixed Platforms.Build.0 = Release|Any CPU
		{AE4E8B1C-8D1F-427C-A527-AF0005772F59}.Release|Mixed Platforms.Deploy.0 = Release|Any CPU
		{AE4E8B1C-8D1F-427C-A527-AF0005772F59}.Release|x86.ActiveCfg = Release|Any CPU
		{7077705C-B76F-436E-90D9-AE6BBB4C3FF5}.Ad-Hoc|Any CPU.ActiveCfg = Release|Any CPU
		{7077705C-B76F-436E-90D9-AE6BBB4C3FF5}.Ad-Hoc|Any CPU.Build.0 = Release|Any CPU
		{7077705C-B76F-436E-90D9-AE6BBB4C3FF5}.Ad-Hoc|Any CPU.Deploy.0 = Release|Any CPU
		{7077705C-B76F-436E-90D9-AE6BBB4C3FF5}.Ad-Hoc|ARM.ActiveCfg = Release|ARM
		{7077705C-B76F-436E-90D9-AE6BBB4C3FF5}.Ad-Hoc|ARM.Build.0 = Release|ARM
		{7077705C-B76F-436E-90D9-AE6BBB4C3FF5}.Ad-Hoc|ARM.Deploy.0 = Release|ARM
		{7077705C-B76F-436E-90D9-AE6BBB4C3FF5}.Ad-Hoc|iPhone.ActiveCfg = Release|Any CPU
		{7077705C-B76F-436E-90D9-AE6BBB4C3FF5}.Ad-Hoc|iPhoneSimulator.ActiveCfg = Release|Any CPU
		{7077705C-B76F-436E-90D9-AE6BBB4C3FF5}.Ad-Hoc|Mixed Platforms.ActiveCfg = Release|x86
		{7077705C-B76F-436E-90D9-AE6BBB4C3FF5}.Ad-Hoc|Mixed Platforms.Build.0 = Release|x86
		{7077705C-B76F-436E-90D9-AE6BBB4C3FF5}.Ad-Hoc|Mixed Platforms.Deploy.0 = Release|x86
		{7077705C-B76F-436E-90D9-AE6BBB4C3FF5}.Ad-Hoc|x86.ActiveCfg = Release|x86
		{7077705C-B76F-436E-90D9-AE6BBB4C3FF5}.Ad-Hoc|x86.Build.0 = Release|x86
		{7077705C-B76F-436E-90D9-AE6BBB4C3FF5}.Ad-Hoc|x86.Deploy.0 = Release|x86
		{7077705C-B76F-436E-90D9-AE6BBB4C3FF5}.AppStore|Any CPU.ActiveCfg = Release|Any CPU
		{7077705C-B76F-436E-90D9-AE6BBB4C3FF5}.AppStore|Any CPU.Build.0 = Release|Any CPU
		{7077705C-B76F-436E-90D9-AE6BBB4C3FF5}.AppStore|Any CPU.Deploy.0 = Release|Any CPU
		{7077705C-B76F-436E-90D9-AE6BBB4C3FF5}.AppStore|ARM.ActiveCfg = Release|ARM
		{7077705C-B76F-436E-90D9-AE6BBB4C3FF5}.AppStore|ARM.Build.0 = Release|ARM
		{7077705C-B76F-436E-90D9-AE6BBB4C3FF5}.AppStore|ARM.Deploy.0 = Release|ARM
		{7077705C-B76F-436E-90D9-AE6BBB4C3FF5}.AppStore|iPhone.ActiveCfg = Release|Any CPU
		{7077705C-B76F-436E-90D9-AE6BBB4C3FF5}.AppStore|iPhoneSimulator.ActiveCfg = Release|Any CPU
		{7077705C-B76F-436E-90D9-AE6BBB4C3FF5}.AppStore|Mixed Platforms.ActiveCfg = Release|x86
		{7077705C-B76F-436E-90D9-AE6BBB4C3FF5}.AppStore|Mixed Platforms.Build.0 = Release|x86
		{7077705C-B76F-436E-90D9-AE6BBB4C3FF5}.AppStore|Mixed Platforms.Deploy.0 = Release|x86
		{7077705C-B76F-436E-90D9-AE6BBB4C3FF5}.AppStore|x86.ActiveCfg = Release|x86
		{7077705C-B76F-436E-90D9-AE6BBB4C3FF5}.AppStore|x86.Build.0 = Release|x86
		{7077705C-B76F-436E-90D9-AE6BBB4C3FF5}.AppStore|x86.Deploy.0 = Release|x86
		{7077705C-B76F-436E-90D9-AE6BBB4C3FF5}.Debug|Any CPU.ActiveCfg = Debug|Any CPU
		{7077705C-B76F-436E-90D9-AE6BBB4C3FF5}.Debug|Any CPU.Build.0 = Debug|Any CPU
		{7077705C-B76F-436E-90D9-AE6BBB4C3FF5}.Debug|Any CPU.Deploy.0 = Debug|Any CPU
		{7077705C-B76F-436E-90D9-AE6BBB4C3FF5}.Debug|ARM.ActiveCfg = Debug|ARM
		{7077705C-B76F-436E-90D9-AE6BBB4C3FF5}.Debug|ARM.Build.0 = Debug|ARM
		{7077705C-B76F-436E-90D9-AE6BBB4C3FF5}.Debug|ARM.Deploy.0 = Debug|ARM
		{7077705C-B76F-436E-90D9-AE6BBB4C3FF5}.Debug|iPhone.ActiveCfg = Debug|Any CPU
		{7077705C-B76F-436E-90D9-AE6BBB4C3FF5}.Debug|iPhoneSimulator.ActiveCfg = Debug|Any CPU
		{7077705C-B76F-436E-90D9-AE6BBB4C3FF5}.Debug|Mixed Platforms.ActiveCfg = Debug|x86
		{7077705C-B76F-436E-90D9-AE6BBB4C3FF5}.Debug|Mixed Platforms.Build.0 = Debug|x86
		{7077705C-B76F-436E-90D9-AE6BBB4C3FF5}.Debug|Mixed Platforms.Deploy.0 = Debug|x86
		{7077705C-B76F-436E-90D9-AE6BBB4C3FF5}.Debug|x86.ActiveCfg = Debug|x86
		{7077705C-B76F-436E-90D9-AE6BBB4C3FF5}.Debug|x86.Build.0 = Debug|x86
		{7077705C-B76F-436E-90D9-AE6BBB4C3FF5}.Debug|x86.Deploy.0 = Debug|x86
		{7077705C-B76F-436E-90D9-AE6BBB4C3FF5}.Release|Any CPU.ActiveCfg = Release|Any CPU
		{7077705C-B76F-436E-90D9-AE6BBB4C3FF5}.Release|Any CPU.Build.0 = Release|Any CPU
		{7077705C-B76F-436E-90D9-AE6BBB4C3FF5}.Release|Any CPU.Deploy.0 = Release|Any CPU
		{7077705C-B76F-436E-90D9-AE6BBB4C3FF5}.Release|ARM.ActiveCfg = Release|ARM
		{7077705C-B76F-436E-90D9-AE6BBB4C3FF5}.Release|ARM.Build.0 = Release|ARM
		{7077705C-B76F-436E-90D9-AE6BBB4C3FF5}.Release|ARM.Deploy.0 = Release|ARM
		{7077705C-B76F-436E-90D9-AE6BBB4C3FF5}.Release|iPhone.ActiveCfg = Release|Any CPU
		{7077705C-B76F-436E-90D9-AE6BBB4C3FF5}.Release|iPhoneSimulator.ActiveCfg = Release|Any CPU
		{7077705C-B76F-436E-90D9-AE6BBB4C3FF5}.Release|Mixed Platforms.ActiveCfg = Release|x86
		{7077705C-B76F-436E-90D9-AE6BBB4C3FF5}.Release|Mixed Platforms.Build.0 = Release|x86
		{7077705C-B76F-436E-90D9-AE6BBB4C3FF5}.Release|Mixed Platforms.Deploy.0 = Release|x86
		{7077705C-B76F-436E-90D9-AE6BBB4C3FF5}.Release|x86.ActiveCfg = Release|x86
		{7077705C-B76F-436E-90D9-AE6BBB4C3FF5}.Release|x86.Build.0 = Release|x86
		{7077705C-B76F-436E-90D9-AE6BBB4C3FF5}.Release|x86.Deploy.0 = Release|x86
	EndGlobalSection
	GlobalSection(SolutionProperties) = preSolution
		HideSolutionNode = FALSE
	EndGlobalSection
EndGlobal
